
Microsoft Visual Studio Solution File, Format Version 12.00
# Visual Studio 15
VisualStudioVersion = 15.0.27703.2035
MinimumVisualStudioVersion = 10.0.40219.1
Project("{9A19103F-16F7-4668-BE54-9A1E7A4F7556}") = "Cloud3DSTKDeploymentAPI", "Cloud3DSTKDeploymentAPI.csproj", "{5874055B-C964-420B-B213-9250AD8111FD}"
EndProject
Project("{FAE04EC0-301F-11D3-BF4B-00C04F79EFBC}") = "Cloud3DSTKDeploymentAPI.Tests", "..\Cloud3DSTKDeploymentAPI.Tests\Cloud3DSTKDeploymentAPI.Tests.csproj", "{1D2D30DB-2FB8-4B57-B210-F9EBAC92B798}"
EndProject
Global
	GlobalSection(SolutionConfigurationPlatforms) = preSolution
		Debug|Any CPU = Debug|Any CPU
		Release|Any CPU = Release|Any CPU
	EndGlobalSection
	GlobalSection(ProjectConfigurationPlatforms) = postSolution
		{5874055B-C964-420B-B213-9250AD8111FD}.Debug|Any CPU.ActiveCfg = Debug|Any CPU
		{5874055B-C964-420B-B213-9250AD8111FD}.Debug|Any CPU.Build.0 = Debug|Any CPU
		{5874055B-C964-420B-B213-9250AD8111FD}.Release|Any CPU.ActiveCfg = Release|Any CPU
		{5874055B-C964-420B-B213-9250AD8111FD}.Release|Any CPU.Build.0 = Release|Any CPU
		{1D2D30DB-2FB8-4B57-B210-F9EBAC92B798}.Debug|Any CPU.ActiveCfg = Debug|Any CPU
		{1D2D30DB-2FB8-4B57-B210-F9EBAC92B798}.Debug|Any CPU.Build.0 = Debug|Any CPU
		{1D2D30DB-2FB8-4B57-B210-F9EBAC92B798}.Release|Any CPU.ActiveCfg = Release|Any CPU
		{1D2D30DB-2FB8-4B57-B210-F9EBAC92B798}.Release|Any CPU.Build.0 = Release|Any CPU
	EndGlobalSection
	GlobalSection(SolutionProperties) = preSolution
		HideSolutionNode = FALSE
	EndGlobalSection
	GlobalSection(ExtensibilityGlobals) = postSolution
		SolutionGuid = {594C041B-AACC-4B46-ACDB-78FA925F26DA}
	EndGlobalSection
EndGlobal
